
Microsoft Visual Studio Solution File, Format Version 12.00
# Visual Studio 15
Project("{FAE04EC0-301F-11D3-BF4B-00C04F79EFBC}") = "ioadres.Android", "ioadres.Android\ioadres.Android.csproj", "{645F22BB-1327-4439-AFF3-3A457235D490}"
EndProject
Project("{FAE04EC0-301F-11D3-BF4B-00C04F79EFBC}") = "ioadres.iOS", "ioadres.iOS\ioadres.iOS.csproj", "{64B2943A-F515-4808-BF12-6E31E3482226}"
EndProject
Project("{FAE04EC0-301F-11D3-BF4B-00C04F79EFBC}") = "ioadres.Core", "ioadres\ioadres.Core.csproj", "{C1CC665E-B601-48AE-A572-8E626E0428D9}"
EndProject
Global
	GlobalSection(SolutionConfigurationPlatforms) = preSolution
		Debug|Any CPU = Debug|Any CPU
		Release|Any CPU = Release|Any CPU
		Debug|iPhoneSimulator = Debug|iPhoneSimulator
		Release|iPhoneSimulator = Release|iPhoneSimulator
		Debug|iPhone = Debug|iPhone
		Release|iPhone = Release|iPhone
		Ad-Hoc|iPhone = Ad-Hoc|iPhone
		AppStore|iPhone = AppStore|iPhone
	EndGlobalSection
	GlobalSection(ProjectConfigurationPlatforms) = postSolution
		{645F22BB-1327-4439-AFF3-3A457235D490}.Debug|Any CPU.ActiveCfg = Debug|Any CPU
		{645F22BB-1327-4439-AFF3-3A457235D490}.Debug|Any CPU.Build.0 = Debug|Any CPU
		{645F22BB-1327-4439-AFF3-3A457235D490}.Release|Any CPU.ActiveCfg = Release|Any CPU
		{645F22BB-1327-4439-AFF3-3A457235D490}.Release|Any CPU.Build.0 = Release|Any CPU
		{645F22BB-1327-4439-AFF3-3A457235D490}.Debug|iPhoneSimulator.ActiveCfg = Debug|Any CPU
		{645F22BB-1327-4439-AFF3-3A457235D490}.Debug|iPhoneSimulator.Build.0 = Debug|Any CPU
		{645F22BB-1327-4439-AFF3-3A457235D490}.Release|iPhoneSimulator.ActiveCfg = Release|Any CPU
		{645F22BB-1327-4439-AFF3-3A457235D490}.Release|iPhoneSimulator.Build.0 = Release|Any CPU
		{645F22BB-1327-4439-AFF3-3A457235D490}.Debug|iPhone.ActiveCfg = Debug|Any CPU
		{645F22BB-1327-4439-AFF3-3A457235D490}.Debug|iPhone.Build.0 = Debug|Any CPU
		{645F22BB-1327-4439-AFF3-3A457235D490}.Release|iPhone.ActiveCfg = Release|Any CPU
		{645F22BB-1327-4439-AFF3-3A457235D490}.Release|iPhone.Build.0 = Release|Any CPU
		{645F22BB-1327-4439-AFF3-3A457235D490}.Ad-Hoc|iPhone.ActiveCfg = Debug|Any CPU
		{645F22BB-1327-4439-AFF3-3A457235D490}.Ad-Hoc|iPhone.Build.0 = Debug|Any CPU
		{645F22BB-1327-4439-AFF3-3A457235D490}.AppStore|iPhone.ActiveCfg = Debug|Any CPU
		{645F22BB-1327-4439-AFF3-3A457235D490}.AppStore|iPhone.Build.0 = Debug|Any CPU
		{64B2943A-F515-4808-BF12-6E31E3482226}.Debug|Any CPU.ActiveCfg = Debug|iPhoneSimulator
		{64B2943A-F515-4808-BF12-6E31E3482226}.Debug|Any CPU.Build.0 = Debug|iPhoneSimulator
		{64B2943A-F515-4808-BF12-6E31E3482226}.Release|Any CPU.ActiveCfg = Release|iPhoneSimulator
		{64B2943A-F515-4808-BF12-6E31E3482226}.Release|Any CPU.Build.0 = Release|iPhoneSimulator
		{64B2943A-F515-4808-BF12-6E31E3482226}.Debug|iPhoneSimulator.ActiveCfg = Debug|iPhoneSimulator
		{64B2943A-F515-4808-BF12-6E31E3482226}.Debug|iPhoneSimulator.Build.0 = Debug|iPhoneSimulator
		{64B2943A-F515-4808-BF12-6E31E3482226}.Release|iPhoneSimulator.ActiveCfg = Release|iPhoneSimulator
		{64B2943A-F515-4808-BF12-6E31E3482226}.Release|iPhoneSimulator.Build.0 = Release|iPhoneSimulator
		{64B2943A-F515-4808-BF12-6E31E3482226}.Debug|iPhone.ActiveCfg = Debug|iPhone
		{64B2943A-F515-4808-BF12-6E31E3482226}.Debug|iPhone.Build.0 = Debug|iPhone
		{64B2943A-F515-4808-BF12-6E31E3482226}.Release|iPhone.ActiveCfg = Release|iPhone
		{64B2943A-F515-4808-BF12-6E31E3482226}.Release|iPhone.Build.0 = Release|iPhone
		{64B2943A-F515-4808-BF12-6E31E3482226}.Ad-Hoc|iPhone.ActiveCfg = Ad-Hoc|iPhone
		{64B2943A-F515-4808-BF12-6E31E3482226}.Ad-Hoc|iPhone.Build.0 = Ad-Hoc|iPhone
		{64B2943A-F515-4808-BF12-6E31E3482226}.AppStore|iPhone.ActiveCfg = AppStore|iPhone
		{64B2943A-F515-4808-BF12-6E31E3482226}.AppStore|iPhone.Build.0 = AppStore|iPhone
		{C1CC665E-B601-48AE-A572-8E626E0428D9}.Debug|Any CPU.ActiveCfg = Debug|Any CPU
		{C1CC665E-B601-48AE-A572-8E626E0428D9}.Debug|Any CPU.Build.0 = Debug|Any CPU
		{C1CC665E-B601-48AE-A572-8E626E0428D9}.Release|Any CPU.ActiveCfg = Release|Any CPU
		{C1CC665E-B601-48AE-A572-8E626E0428D9}.Release|Any CPU.Build.0 = Release|Any CPU
		{C1CC665E-B601-48AE-A572-8E626E0428D9}.Debug|iPhoneSimulator.ActiveCfg = Debug|Any CPU
		{C1CC665E-B601-48AE-A572-8E626E0428D9}.Debug|iPhoneSimulator.Build.0 = Debug|Any CPU
		{C1CC665E-B601-48AE-A572-8E626E0428D9}.Release|iPhoneSimulator.ActiveCfg = Release|Any CPU
		{C1CC665E-B601-48AE-A572-8E626E0428D9}.Release|iPhoneSimulator.Build.0 = Release|Any CPU
		{C1CC665E-B601-48AE-A572-8E626E0428D9}.Debug|iPhone.ActiveCfg = Debug|Any CPU
		{C1CC665E-B601-48AE-A572-8E626E0428D9}.Debug|iPhone.Build.0 = Debug|Any CPU
		{C1CC665E-B601-48AE-A572-8E626E0428D9}.Release|iPhone.ActiveCfg = Release|Any CPU
		{C1CC665E-B601-48AE-A572-8E626E0428D9}.Release|iPhone.Build.0 = Release|Any CPU
		{C1CC665E-B601-48AE-A572-8E626E0428D9}.Ad-Hoc|iPhone.ActiveCfg = Debug|Any CPU
		{C1CC665E-B601-48AE-A572-8E626E0428D9}.Ad-Hoc|iPhone.Build.0 = Debug|Any CPU
		{C1CC665E-B601-48AE-A572-8E626E0428D9}.AppStore|iPhone.ActiveCfg = Debug|Any CPU
		{C1CC665E-B601-48AE-A572-8E626E0428D9}.AppStore|iPhone.Build.0 = Debug|Any CPU
	EndGlobalSection
	GlobalSection(NestedProjects) = preSolution
	EndGlobalSection
EndGlobal
